
Microsoft Visual Studio Solution File, Format Version 12.00
# Visual Studio Version 17
VisualStudioVersion = 17.8.34511.84
MinimumVisualStudioVersion = 10.0.40219.1
Project("{9A19103F-16F7-4668-BE54-9A1E7A4F7556}") = "TestAppAPI", "TestAppAPI\TestAppAPI.csproj", "{18BCD79D-1412-4FA3-967C-73A05AE8877C}"
EndProject
Project("{9A19103F-16F7-4668-BE54-9A1E7A4F7556}") = "TestApp", "TestApp\TestApp.csproj", "{EBDEDCE0-414D-4385-9BAE-6397B6395BD1}"
EndProject
Project("{2150E333-8FDC-42A3-9474-1A3956D46DE8}") = "src", "src", "{253C88C1-83DA-419B-BD89-5122FA9B6BC5}"
EndProject
Global
	GlobalSection(SolutionConfigurationPlatforms) = preSolution
		Debug|Any CPU = Debug|Any CPU
		Release|Any CPU = Release|Any CPU
	EndGlobalSection
	GlobalSection(ProjectConfigurationPlatforms) = postSolution
		{18BCD79D-1412-4FA3-967C-73A05AE8877C}.Debug|Any CPU.ActiveCfg = Debug|Any CPU
		{18BCD79D-1412-4FA3-967C-73A05AE8877C}.Debug|Any CPU.Build.0 = Debug|Any CPU
		{18BCD79D-1412-4FA3-967C-73A05AE8877C}.Release|Any CPU.ActiveCfg = Release|Any CPU
		{18BCD79D-1412-4FA3-967C-73A05AE8877C}.Release|Any CPU.Build.0 = Release|Any CPU
		{EBDEDCE0-414D-4385-9BAE-6397B6395BD1}.Debug|Any CPU.ActiveCfg = Debug|Any CPU
		{EBDEDCE0-414D-4385-9BAE-6397B6395BD1}.Debug|Any CPU.Build.0 = Debug|Any CPU
		{EBDEDCE0-414D-4385-9BAE-6397B6395BD1}.Release|Any CPU.ActiveCfg = Release|Any CPU
		{EBDEDCE0-414D-4385-9BAE-6397B6395BD1}.Release|Any CPU.Build.0 = Release|Any CPU
	EndGlobalSection
	GlobalSection(SolutionProperties) = preSolution
		HideSolutionNode = FALSE
	EndGlobalSection
	GlobalSection(NestedProjects) = preSolution
		{18BCD79D-1412-4FA3-967C-73A05AE8877C} = {253C88C1-83DA-419B-BD89-5122FA9B6BC5}
		{EBDEDCE0-414D-4385-9BAE-6397B6395BD1} = {253C88C1-83DA-419B-BD89-5122FA9B6BC5}
	EndGlobalSection
	GlobalSection(ExtensibilityGlobals) = postSolution
		SolutionGuid = {2A2A9258-31FA-46AE-A485-727FDE827124}
	EndGlobalSection
EndGlobal
